// !$*UTF8*$!
{
	archiveVersion = 1;
	classes = {
	};
	objectVersion = 50;
	objects = {

/* Begin PBXFileReference section */
		848D219921B6CD1500240BA1 /* dco_entware_miwifi_R3D.sh */ = {isa = PBXFileReference; lastKnownFileType = text.script.sh; path = dco_entware_miwifi_R3D.sh; sourceTree = "<group>"; };
		848D219A21B6CD6800240BA1 /* entware_install_old.sh */ = {isa = PBXFileReference; lastKnownFileType = text.script.sh; path = entware_install_old.sh; sourceTree = "<group>"; };
		848D219B21B6CD8900240BA1 /* opkg.conf */ = {isa = PBXFileReference; lastKnownFileType = text; path = opkg.conf; sourceTree = "<group>"; };
		84F0B01A21B629AE00BEA107 /* README.md */ = {isa = PBXFileReference; lastKnownFileType = net.daringfireball.markdown; path = README.md; sourceTree = "<group>"; };
/* End PBXFileReference section */

/* Begin PBXGroup section */
		84F0B01321B6294F00BEA107 = {
			isa = PBXGroup;
			children = (
				848D219B21B6CD8900240BA1 /* opkg.conf */,
				848D219A21B6CD6800240BA1 /* entware_install_old.sh */,
				848D219921B6CD1500240BA1 /* dco_entware_miwifi_R3D.sh */,
				84F0B01A21B629AE00BEA107 /* README.md */,
			);
			sourceTree = "<group>";
		};
/* End PBXGroup section */

/* Begin PBXProject section */
		84F0B01421B6294F00BEA107 /* Project object */ = {
			isa = PBXProject;
			attributes = {
				LastUpgradeCheck = 1000;
			};
			buildConfigurationList = 84F0B01721B6294F00BEA107 /* Build configuration list for PBXProject "OpenWrtDocker" */;
			compatibilityVersion = "Xcode 9.3";
			developmentRegion = en;
			hasScannedForEncodings = 0;
			knownRegions = (
				en,
			);
			mainGroup = 84F0B01321B6294F00BEA107;
			projectDirPath = "";
			projectRoot = "";
			targets = (
			);
		};
/* End PBXProject section */

/* Begin XCBuildConfiguration section */
		84F0B01821B6294F00BEA107 /* Debug */ = {
			isa = XCBuildConfiguration;
			buildSettings = {
			};
			name = Debug;
		};
		84F0B01921B6294F00BEA107 /* Release */ = {
			isa = XCBuildConfiguration;
			buildSettings = {
			};
			name = Release;
		};
/* End XCBuildConfiguration section */

/* Begin XCConfigurationList section */
		84F0B01721B6294F00BEA107 /* Build configuration list for PBXProject "OpenWrtDocker" */ = {
			isa = XCConfigurationList;
			buildConfigurations = (
				84F0B01821B6294F00BEA107 /* Debug */,
				84F0B01921B6294F00BEA107 /* Release */,
			);
			defaultConfigurationIsVisible = 0;
			defaultConfigurationName = Release;
		};
/* End XCConfigurationList section */
	};
	rootObject = 84F0B01421B6294F00BEA107 /* Project object */;
}
